{
  "name": "FitFileViewer",
  "lockfileVersion": 3,
  "requires": true,
  "packages": {
    "": {
      "dependencies": {
        "makensis": "^2.0.8"
      },
      "devDependencies": {
        "@eslint/css": "^0.7.0",
        "eslint-define-config": "^2.1.0"
      }
    },
    "node_modules/@eslint/core": {
      "version": "0.13.0",
      "resolved": "https://registry.npmjs.org/@eslint/core/-/core-0.13.0.tgz",
      "integrity": "sha512-yfkgDw1KR66rkT5A8ci4irzDysN7FRpq3ttJolR88OqQikAWqwA8j5VZyas+vjyBNFIJ7MfybJ9plMILI2UrCw==",
      "dev": true,
      "license": "Apache-2.0",
      "dependencies": {
        "@types/json-schema": "^7.0.15"
      },
      "engines": {
        "node": "^18.18.0 || ^20.9.0 || >=21.1.0"
      }
    },
    "node_modules/@eslint/css": {
      "version": "0.7.0",
      "resolved": "https://registry.npmjs.org/@eslint/css/-/css-0.7.0.tgz",
      "integrity": "sha512-d6mo8etv4igrTGxgvWSgA5+TsppfObM/Xhlu8JWbkqNBiaJXztUNH45R1B4i1GL2PNIFMLREI3Kh9lTBi19l7g==",
      "dev": true,
      "license": "Apache-2.0",
      "dependencies": {
        "@eslint/core": "^0.13.0",
        "@eslint/css-tree": "^3.3.3",
        "@eslint/plugin-kit": "^0.2.5"
      },
      "engines": {
        "node": "^18.18.0 || ^20.9.0 || >=21.1.0"
      }
    },
    "node_modules/@eslint/css-tree": {
      "version": "3.5.0",
      "resolved": "https://registry.npmjs.org/@eslint/css-tree/-/css-tree-3.5.0.tgz",
      "integrity": "sha512-RtpdRxIq6AVf078nY0oqZ+x5UTzuxdt/Q2n3RmA4mcfTQVtsvdoIvOxo+4qikydlr6WskqIIofXc5KeGwTYLeg==",
      "dev": true,
      "license": "MIT",
      "dependencies": {
        "mdn-data": "2.20.0",
        "source-map-js": "^1.0.1"
      },
      "engines": {
        "node": "^10 || ^12.20.0 || ^14.13.0 || >=15.0.0"
      }
    },
    "node_modules/@eslint/plugin-kit": {
      "version": "0.2.8",
      "resolved": "https://registry.npmjs.org/@eslint/plugin-kit/-/plugin-kit-0.2.8.tgz",
      "integrity": "sha512-ZAoA40rNMPwSm+AeHpCq8STiNAwzWLJuP8Xv4CHIc9wv/PSuExjMrmjfYNj682vW0OOiZ1HKxzvjQr9XZIisQA==",
      "dev": true,
      "license": "Apache-2.0",
      "dependencies": {
        "@eslint/core": "^0.13.0",
        "levn": "^0.4.1"
      },
      "engines": {
        "node": "^18.18.0 || ^20.9.0 || >=21.1.0"
      }
    },
    "node_modules/@nsis/language-data": {
      "version": "0.9.3",
      "resolved": "https://registry.npmjs.org/@nsis/language-data/-/language-data-0.9.3.tgz",
      "integrity": "sha512-aLATxfBhi+yp41vxk+XCJxAu9pB6l68/QSBbg66wRvjd3AXv+MXncBQqbXL83uOW291L3EZND5MPKtBYU2OXDg==",
      "license": "Zlib"
    },
    "node_modules/@types/json-schema": {
      "version": "7.0.15",
      "resolved": "https://registry.npmjs.org/@types/json-schema/-/json-schema-7.0.15.tgz",
      "integrity": "sha512-5+fP8P8MFNC+AyZCDxrB2pkZFPGzqQWUzpSeuuVLvm8VMcorNYavBqoFcxK8bQz4Qsbn4oUEEem4wDLfcysGHA==",
      "dev": true,
      "license": "MIT"
    },
    "node_modules/dotenv": {
      "version": "16.5.0",
      "resolved": "https://registry.npmjs.org/dotenv/-/dotenv-16.5.0.tgz",
      "integrity": "sha512-m/C+AwOAr9/W1UOIZUo232ejMNnJAJtYQjUbHoNTBNTJSvqzzDh7vnrei3o3r3m9blf6ZoDkvcw0VmozNRFJxg==",
      "license": "BSD-2-Clause",
      "engines": {
        "node": ">=12"
      },
      "funding": {
        "url": "https://dotenvx.com"
      }
    },
    "node_modules/eslint-define-config": {
      "version": "2.1.0",
      "resolved": "https://registry.npmjs.org/eslint-define-config/-/eslint-define-config-2.1.0.tgz",
      "integrity": "sha512-QUp6pM9pjKEVannNAbSJNeRuYwW3LshejfyBBpjeMGaJjaDUpVps4C6KVR8R7dWZnD3i0synmrE36znjTkJvdQ==",
      "deprecated": "Package no longer supported. Contact Support at https://www.npmjs.com/support for more info.",
      "dev": true,
      "funding": [
        {
          "type": "github",
          "url": "https://github.com/Shinigami92"
        },
        {
          "type": "paypal",
          "url": "https://www.paypal.com/donate/?hosted_button_id=L7GY729FBKTZY"
        }
      ],
      "license": "MIT",
      "engines": {
        "node": ">=18.0.0",
        "npm": ">=9.0.0",
        "pnpm": ">=8.6.0"
      }
    },
    "node_modules/levn": {
      "version": "0.4.1",
      "resolved": "https://registry.npmjs.org/levn/-/levn-0.4.1.tgz",
      "integrity": "sha512-+bT2uH4E5LGE7h/n3evcS/sQlJXCpIp6ym8OWJ5eV6+67Dsql/LaaT7qJBAt2rzfoa/5QBGBhxDix1dMt2kQKQ==",
      "dev": true,
      "license": "MIT",
      "dependencies": {
        "prelude-ls": "^1.2.1",
        "type-check": "~0.4.0"
      },
      "engines": {
        "node": ">= 0.8.0"
      }
    },
    "node_modules/makensis": {
      "version": "2.0.8",
      "resolved": "https://registry.npmjs.org/makensis/-/makensis-2.0.8.tgz",
      "integrity": "sha512-DEwR7EHnRAQEx5cgvLzHiIjwH471wEfJasa2mTMLuW6byYgY6F+87TiSj8n8C5OYtBCQwA8Fd6S7N0I5ayTvKQ==",
      "license": "MIT",
      "dependencies": {
        "@nsis/language-data": "^0.9.0",
        "dotenv": "^16.3.1",
        "dotenv-expand": "^10.0.0"
      },
      "engines": {
        "node": "^14.8.0 || >=16.0.0"
      }
    },
    "node_modules/makensis/node_modules/dotenv-expand": {
      "version": "10.0.0",
      "resolved": "https://registry.npmjs.org/dotenv-expand/-/dotenv-expand-10.0.0.tgz",
      "integrity": "sha512-GopVGCpVS1UKH75VKHGuQFqS1Gusej0z4FyQkPdwjil2gNIv+LNsqBlboOzpJFZKVT95GkCyWJbBSdFEFUWI2A==",
      "license": "BSD-2-Clause",
      "engines": {
        "node": ">=12"
      }
    },
    "node_modules/mdn-data": {
      "version": "2.20.0",
      "resolved": "https://registry.npmjs.org/mdn-data/-/mdn-data-2.20.0.tgz",
      "integrity": "sha512-/d3otgvmquUkAN2RVxSg6lIbQrYX7isR4aC5Hvw8JuHvzctR3eUG50WmsAZjb9MkbJ5LbijPSy7uIxEtQDGI0w==",
      "dev": true,
      "license": "CC0-1.0"
    },
    "node_modules/prelude-ls": {
      "version": "1.2.1",
      "resolved": "https://registry.npmjs.org/prelude-ls/-/prelude-ls-1.2.1.tgz",
      "integrity": "sha512-vkcDPrRZo1QZLbn5RLGPpg/WmIQ65qoWWhcGKf/b5eplkkarX0m9z8ppCat4mlOqUsWpyNuYgO3VRyrYHSzX5g==",
      "dev": true,
      "license": "MIT",
      "engines": {
        "node": ">= 0.8.0"
      }
    },
    "node_modules/source-map-js": {
      "version": "1.2.1",
      "resolved": "https://registry.npmjs.org/source-map-js/-/source-map-js-1.2.1.tgz",
      "integrity": "sha512-UXWMKhLOwVKb728IUtQPXxfYU+usdybtUrK/8uGE8CQMvrhOpwvzDBwj0QhSL7MQc7vIsISBG8VQ8+IDQxpfQA==",
      "dev": true,
      "license": "BSD-3-Clause",
      "engines": {
        "node": ">=0.10.0"
      }
    },
    "node_modules/type-check": {
      "version": "0.4.0",
      "resolved": "https://registry.npmjs.org/type-check/-/type-check-0.4.0.tgz",
      "integrity": "sha512-XleUoc9uwGXqjWwXaUTZAmzMcFZ5858QA2vvx1Ur5xIcixXIP+8LnFDgRplU30us6teqdlskFfu+ae4K79Ooew==",
      "dev": true,
      "license": "MIT",
      "dependencies": {
        "prelude-ls": "^1.2.1"
      },
      "engines": {
        "node": ">= 0.8.0"
      }
    }
  }
}
