{
  "name": "FitFileViewer",
  "lockfileVersion": 3,
  "requires": true,
  "packages": {
    "": {
      "dependencies": {
        "makensis": "^2.0.8"
      }
    },
    "node_modules/@nsis/language-data": {
      "version": "0.9.3",
      "resolved": "https://registry.npmjs.org/@nsis/language-data/-/language-data-0.9.3.tgz",
      "integrity": "sha512-aLATxfBhi+yp41vxk+XCJxAu9pB6l68/QSBbg66wRvjd3AXv+MXncBQqbXL83uOW291L3EZND5MPKtBYU2OXDg==",
      "license": "Zlib"
    },
    "node_modules/dotenv": {
      "version": "16.5.0",
      "resolved": "https://registry.npmjs.org/dotenv/-/dotenv-16.5.0.tgz",
      "integrity": "sha512-m/C+AwOAr9/W1UOIZUo232ejMNnJAJtYQjUbHoNTBNTJSvqzzDh7vnrei3o3r3m9blf6ZoDkvcw0VmozNRFJxg==",
      "license": "BSD-2-Clause",
      "engines": {
        "node": ">=12"
      },
      "funding": {
        "url": "https://dotenvx.com"
      }
    },
    "node_modules/makensis": {
      "version": "2.0.8",
      "resolved": "https://registry.npmjs.org/makensis/-/makensis-2.0.8.tgz",
      "integrity": "sha512-DEwR7EHnRAQEx5cgvLzHiIjwH471wEfJasa2mTMLuW6byYgY6F+87TiSj8n8C5OYtBCQwA8Fd6S7N0I5ayTvKQ==",
      "license": "MIT",
      "dependencies": {
        "@nsis/language-data": "^0.9.0",
        "dotenv": "^16.3.1",
        "dotenv-expand": "^10.0.0"
      },
      "engines": {
        "node": "^14.8.0 || >=16.0.0"
      }
    },
    "node_modules/makensis/node_modules/dotenv-expand": {
      "version": "10.0.0",
      "resolved": "https://registry.npmjs.org/dotenv-expand/-/dotenv-expand-10.0.0.tgz",
      "integrity": "sha512-GopVGCpVS1UKH75VKHGuQFqS1Gusej0z4FyQkPdwjil2gNIv+LNsqBlboOzpJFZKVT95GkCyWJbBSdFEFUWI2A==",
      "license": "BSD-2-Clause",
      "engines": {
        "node": ">=12"
      }
    }
  }
}
